
Microsoft Visual Studio Solution File, Format Version 12.00
# Visual Studio Version 17
VisualStudioVersion = 17.0.31903.59
MinimumVisualStudioVersion = 10.0.40219.1
Project("{2150E333-8FDC-42A3-9474-1A3956D46DE8}") = "src", "src", "{827E0CD3-B72D-47B6-A68D-7590B98EB39B}"
EndProject
Project("{FAE04EC0-301F-11D3-BF4B-00C04F79EFBC}") = "AutoCommerce.Shared", "src\AutoCommerce.Shared\AutoCommerce.Shared.csproj", "{7AA7BC56-5736-494D-B036-7596AEFFE8CA}"
EndProject
Project("{FAE04EC0-301F-11D3-BF4B-00C04F79EFBC}") = "AutoCommerce.Brain", "src\AutoCommerce.Brain\AutoCommerce.Brain.csproj", "{EE9F0BFE-077F-463B-8D50-F534E4E496C6}"
EndProject
Project("{FAE04EC0-301F-11D3-BF4B-00C04F79EFBC}") = "AutoCommerce.ProductSelection", "src\AutoCommerce.ProductSelection\AutoCommerce.ProductSelection.csproj", "{5BB44FF3-EB22-470E-87F3-2ACD3A4E1C4C}"
EndProject
Project("{2150E333-8FDC-42A3-9474-1A3956D46DE8}") = "tests", "tests", "{0AB3BF05-4346-4AA6-1389-037BE0695223}"
EndProject
Project("{FAE04EC0-301F-11D3-BF4B-00C04F79EFBC}") = "AutoCommerce.Brain.Tests", "tests\AutoCommerce.Brain.Tests\AutoCommerce.Brain.Tests.csproj", "{40F51D8D-2A30-449E-851B-203CCB007765}"
EndProject
Project("{FAE04EC0-301F-11D3-BF4B-00C04F79EFBC}") = "AutoCommerce.ProductSelection.Tests", "tests\AutoCommerce.ProductSelection.Tests\AutoCommerce.ProductSelection.Tests.csproj", "{2C75B70D-7CDE-4195-855A-489F88D2D897}"
EndProject
Project("{FAE04EC0-301F-11D3-BF4B-00C04F79EFBC}") = "AutoCommerce.SupplierSelection", "src\AutoCommerce.SupplierSelection\AutoCommerce.SupplierSelection.csproj", "{CBFD3945-E464-4350-88E5-25718FD8B4A9}"
EndProject
Project("{FAE04EC0-301F-11D3-BF4B-00C04F79EFBC}") = "AutoCommerce.SupplierSelection.Tests", "tests\AutoCommerce.SupplierSelection.Tests\AutoCommerce.SupplierSelection.Tests.csproj", "{8347CAF5-8793-4BBD-AFA7-C63E6CC54811}"
EndProject
Project("{FAE04EC0-301F-11D3-BF4B-00C04F79EFBC}") = "AutoCommerce.Configuration", "src\AutoCommerce.Configuration\AutoCommerce.Configuration.csproj", "{ADCE3E5F-4155-4955-B5AF-BD8B2298EAF0}"
EndProject
Global
	GlobalSection(SolutionConfigurationPlatforms) = preSolution
		Debug|Any CPU = Debug|Any CPU
		Debug|x64 = Debug|x64
		Debug|x86 = Debug|x86
		Release|Any CPU = Release|Any CPU
		Release|x64 = Release|x64
		Release|x86 = Release|x86
	EndGlobalSection
	GlobalSection(ProjectConfigurationPlatforms) = postSolution
		{7AA7BC56-5736-494D-B036-7596AEFFE8CA}.Debug|Any CPU.ActiveCfg = Debug|Any CPU
		{7AA7BC56-5736-494D-B036-7596AEFFE8CA}.Debug|Any CPU.Build.0 = Debug|Any CPU
		{7AA7BC56-5736-494D-B036-7596AEFFE8CA}.Debug|x64.ActiveCfg = Debug|Any CPU
		{7AA7BC56-5736-494D-B036-7596AEFFE8CA}.Debug|x64.Build.0 = Debug|Any CPU
		{7AA7BC56-5736-494D-B036-7596AEFFE8CA}.Debug|x86.ActiveCfg = Debug|Any CPU
		{7AA7BC56-5736-494D-B036-7596AEFFE8CA}.Debug|x86.Build.0 = Debug|Any CPU
		{7AA7BC56-5736-494D-B036-7596AEFFE8CA}.Release|Any CPU.ActiveCfg = Release|Any CPU
		{7AA7BC56-5736-494D-B036-7596AEFFE8CA}.Release|Any CPU.Build.0 = Release|Any CPU
		{7AA7BC56-5736-494D-B036-7596AEFFE8CA}.Release|x64.ActiveCfg = Release|Any CPU
		{7AA7BC56-5736-494D-B036-7596AEFFE8CA}.Release|x64.Build.0 = Release|Any CPU
		{7AA7BC56-5736-494D-B036-7596AEFFE8CA}.Release|x86.ActiveCfg = Release|Any CPU
		{7AA7BC56-5736-494D-B036-7596AEFFE8CA}.Release|x86.Build.0 = Release|Any CPU
		{EE9F0BFE-077F-463B-8D50-F534E4E496C6}.Debug|Any CPU.ActiveCfg = Debug|Any CPU
		{EE9F0BFE-077F-463B-8D50-F534E4E496C6}.Debug|Any CPU.Build.0 = Debug|Any CPU
		{EE9F0BFE-077F-463B-8D50-F534E4E496C6}.Debug|x64.ActiveCfg = Debug|Any CPU
		{EE9F0BFE-077F-463B-8D50-F534E4E496C6}.Debug|x64.Build.0 = Debug|Any CPU
		{EE9F0BFE-077F-463B-8D50-F534E4E496C6}.Debug|x86.ActiveCfg = Debug|Any CPU
		{EE9F0BFE-077F-463B-8D50-F534E4E496C6}.Debug|x86.Build.0 = Debug|Any CPU
		{EE9F0BFE-077F-463B-8D50-F534E4E496C6}.Release|Any CPU.ActiveCfg = Release|Any CPU
		{EE9F0BFE-077F-463B-8D50-F534E4E496C6}.Release|Any CPU.Build.0 = Release|Any CPU
		{EE9F0BFE-077F-463B-8D50-F534E4E496C6}.Release|x64.ActiveCfg = Release|Any CPU
		{EE9F0BFE-077F-463B-8D50-F534E4E496C6}.Release|x64.Build.0 = Release|Any CPU
		{EE9F0BFE-077F-463B-8D50-F534E4E496C6}.Release|x86.ActiveCfg = Release|Any CPU
		{EE9F0BFE-077F-463B-8D50-F534E4E496C6}.Release|x86.Build.0 = Release|Any CPU
		{5BB44FF3-EB22-470E-87F3-2ACD3A4E1C4C}.Debug|Any CPU.ActiveCfg = Debug|Any CPU
		{5BB44FF3-EB22-470E-87F3-2ACD3A4E1C4C}.Debug|Any CPU.Build.0 = Debug|Any CPU
		{5BB44FF3-EB22-470E-87F3-2ACD3A4E1C4C}.Debug|x64.ActiveCfg = Debug|Any CPU
		{5BB44FF3-EB22-470E-87F3-2ACD3A4E1C4C}.Debug|x64.Build.0 = Debug|Any CPU
		{5BB44FF3-EB22-470E-87F3-2ACD3A4E1C4C}.Debug|x86.ActiveCfg = Debug|Any CPU
		{5BB44FF3-EB22-470E-87F3-2ACD3A4E1C4C}.Debug|x86.Build.0 = Debug|Any CPU
		{5BB44FF3-EB22-470E-87F3-2ACD3A4E1C4C}.Release|Any CPU.ActiveCfg = Release|Any CPU
		{5BB44FF3-EB22-470E-87F3-2ACD3A4E1C4C}.Release|Any CPU.Build.0 = Release|Any CPU
		{5BB44FF3-EB22-470E-87F3-2ACD3A4E1C4C}.Release|x64.ActiveCfg = Release|Any CPU
		{5BB44FF3-EB22-470E-87F3-2ACD3A4E1C4C}.Release|x64.Build.0 = Release|Any CPU
		{5BB44FF3-EB22-470E-87F3-2ACD3A4E1C4C}.Release|x86.ActiveCfg = Release|Any CPU
		{5BB44FF3-EB22-470E-87F3-2ACD3A4E1C4C}.Release|x86.Build.0 = Release|Any CPU
		{40F51D8D-2A30-449E-851B-203CCB007765}.Debug|Any CPU.ActiveCfg = Debug|Any CPU
		{40F51D8D-2A30-449E-851B-203CCB007765}.Debug|Any CPU.Build.0 = Debug|Any CPU
		{40F51D8D-2A30-449E-851B-203CCB007765}.Debug|x64.ActiveCfg = Debug|Any CPU
		{40F51D8D-2A30-449E-851B-203CCB007765}.Debug|x64.Build.0 = Debug|Any CPU
		{40F51D8D-2A30-449E-851B-203CCB007765}.Debug|x86.ActiveCfg = Debug|Any CPU
		{40F51D8D-2A30-449E-851B-203CCB007765}.Debug|x86.Build.0 = Debug|Any CPU
		{40F51D8D-2A30-449E-851B-203CCB007765}.Release|Any CPU.ActiveCfg = Release|Any CPU
		{40F51D8D-2A30-449E-851B-203CCB007765}.Release|Any CPU.Build.0 = Release|Any CPU
		{40F51D8D-2A30-449E-851B-203CCB007765}.Release|x64.ActiveCfg = Release|Any CPU
		{40F51D8D-2A30-449E-851B-203CCB007765}.Release|x64.Build.0 = Release|Any CPU
		{40F51D8D-2A30-449E-851B-203CCB007765}.Release|x86.ActiveCfg = Release|Any CPU
		{40F51D8D-2A30-449E-851B-203CCB007765}.Release|x86.Build.0 = Release|Any CPU
		{2C75B70D-7CDE-4195-855A-489F88D2D897}.Debug|Any CPU.ActiveCfg = Debug|Any CPU
		{2C75B70D-7CDE-4195-855A-489F88D2D897}.Debug|Any CPU.Build.0 = Debug|Any CPU
		{2C75B70D-7CDE-4195-855A-489F88D2D897}.Debug|x64.ActiveCfg = Debug|Any CPU
		{2C75B70D-7CDE-4195-855A-489F88D2D897}.Debug|x64.Build.0 = Debug|Any CPU
		{2C75B70D-7CDE-4195-855A-489F88D2D897}.Debug|x86.ActiveCfg = Debug|Any CPU
		{2C75B70D-7CDE-4195-855A-489F88D2D897}.Debug|x86.Build.0 = Debug|Any CPU
		{2C75B70D-7CDE-4195-855A-489F88D2D897}.Release|Any CPU.ActiveCfg = Release|Any CPU
		{2C75B70D-7CDE-4195-855A-489F88D2D897}.Release|Any CPU.Build.0 = Release|Any CPU
		{2C75B70D-7CDE-4195-855A-489F88D2D897}.Release|x64.ActiveCfg = Release|Any CPU
		{2C75B70D-7CDE-4195-855A-489F88D2D897}.Release|x64.Build.0 = Release|Any CPU
		{2C75B70D-7CDE-4195-855A-489F88D2D897}.Release|x86.ActiveCfg = Release|Any CPU
		{2C75B70D-7CDE-4195-855A-489F88D2D897}.Release|x86.Build.0 = Release|Any CPU
		{CBFD3945-E464-4350-88E5-25718FD8B4A9}.Debug|Any CPU.ActiveCfg = Debug|Any CPU
		{CBFD3945-E464-4350-88E5-25718FD8B4A9}.Debug|Any CPU.Build.0 = Debug|Any CPU
		{CBFD3945-E464-4350-88E5-25718FD8B4A9}.Debug|x64.ActiveCfg = Debug|Any CPU
		{CBFD3945-E464-4350-88E5-25718FD8B4A9}.Debug|x64.Build.0 = Debug|Any CPU
		{CBFD3945-E464-4350-88E5-25718FD8B4A9}.Debug|x86.ActiveCfg = Debug|Any CPU
		{CBFD3945-E464-4350-88E5-25718FD8B4A9}.Debug|x86.Build.0 = Debug|Any CPU
		{CBFD3945-E464-4350-88E5-25718FD8B4A9}.Release|Any CPU.ActiveCfg = Release|Any CPU
		{CBFD3945-E464-4350-88E5-25718FD8B4A9}.Release|Any CPU.Build.0 = Release|Any CPU
		{CBFD3945-E464-4350-88E5-25718FD8B4A9}.Release|x64.ActiveCfg = Release|Any CPU
		{CBFD3945-E464-4350-88E5-25718FD8B4A9}.Release|x64.Build.0 = Release|Any CPU
		{CBFD3945-E464-4350-88E5-25718FD8B4A9}.Release|x86.ActiveCfg = Release|Any CPU
		{CBFD3945-E464-4350-88E5-25718FD8B4A9}.Release|x86.Build.0 = Release|Any CPU
		{8347CAF5-8793-4BBD-AFA7-C63E6CC54811}.Debug|Any CPU.ActiveCfg = Debug|Any CPU
		{8347CAF5-8793-4BBD-AFA7-C63E6CC54811}.Debug|Any CPU.Build.0 = Debug|Any CPU
		{8347CAF5-8793-4BBD-AFA7-C63E6CC54811}.Debug|x64.ActiveCfg = Debug|Any CPU
		{8347CAF5-8793-4BBD-AFA7-C63E6CC54811}.Debug|x64.Build.0 = Debug|Any CPU
		{8347CAF5-8793-4BBD-AFA7-C63E6CC54811}.Debug|x86.ActiveCfg = Debug|Any CPU
		{8347CAF5-8793-4BBD-AFA7-C63E6CC54811}.Debug|x86.Build.0 = Debug|Any CPU
		{8347CAF5-8793-4BBD-AFA7-C63E6CC54811}.Release|Any CPU.ActiveCfg = Release|Any CPU
		{8347CAF5-8793-4BBD-AFA7-C63E6CC54811}.Release|Any CPU.Build.0 = Release|Any CPU
		{8347CAF5-8793-4BBD-AFA7-C63E6CC54811}.Release|x64.ActiveCfg = Release|Any CPU
		{8347CAF5-8793-4BBD-AFA7-C63E6CC54811}.Release|x64.Build.0 = Release|Any CPU
		{8347CAF5-8793-4BBD-AFA7-C63E6CC54811}.Release|x86.ActiveCfg = Release|Any CPU
		{8347CAF5-8793-4BBD-AFA7-C63E6CC54811}.Release|x86.Build.0 = Release|Any CPU
		{ADCE3E5F-4155-4955-B5AF-BD8B2298EAF0}.Debug|Any CPU.ActiveCfg = Debug|Any CPU
		{ADCE3E5F-4155-4955-B5AF-BD8B2298EAF0}.Debug|Any CPU.Build.0 = Debug|Any CPU
		{ADCE3E5F-4155-4955-B5AF-BD8B2298EAF0}.Debug|x64.ActiveCfg = Debug|Any CPU
		{ADCE3E5F-4155-4955-B5AF-BD8B2298EAF0}.Debug|x64.Build.0 = Debug|Any CPU
		{ADCE3E5F-4155-4955-B5AF-BD8B2298EAF0}.Debug|x86.ActiveCfg = Debug|Any CPU
		{ADCE3E5F-4155-4955-B5AF-BD8B2298EAF0}.Debug|x86.Build.0 = Debug|Any CPU
		{ADCE3E5F-4155-4955-B5AF-BD8B2298EAF0}.Release|Any CPU.ActiveCfg = Release|Any CPU
		{ADCE3E5F-4155-4955-B5AF-BD8B2298EAF0}.Release|Any CPU.Build.0 = Release|Any CPU
		{ADCE3E5F-4155-4955-B5AF-BD8B2298EAF0}.Release|x64.ActiveCfg = Release|Any CPU
		{ADCE3E5F-4155-4955-B5AF-BD8B2298EAF0}.Release|x64.Build.0 = Release|Any CPU
		{ADCE3E5F-4155-4955-B5AF-BD8B2298EAF0}.Release|x86.ActiveCfg = Release|Any CPU
		{ADCE3E5F-4155-4955-B5AF-BD8B2298EAF0}.Release|x86.Build.0 = Release|Any CPU
	EndGlobalSection
	GlobalSection(SolutionProperties) = preSolution
		HideSolutionNode = FALSE
	EndGlobalSection
	GlobalSection(NestedProjects) = preSolution
		{7AA7BC56-5736-494D-B036-7596AEFFE8CA} = {827E0CD3-B72D-47B6-A68D-7590B98EB39B}
		{EE9F0BFE-077F-463B-8D50-F534E4E496C6} = {827E0CD3-B72D-47B6-A68D-7590B98EB39B}
		{5BB44FF3-EB22-470E-87F3-2ACD3A4E1C4C} = {827E0CD3-B72D-47B6-A68D-7590B98EB39B}
		{40F51D8D-2A30-449E-851B-203CCB007765} = {0AB3BF05-4346-4AA6-1389-037BE0695223}
		{2C75B70D-7CDE-4195-855A-489F88D2D897} = {0AB3BF05-4346-4AA6-1389-037BE0695223}
		{CBFD3945-E464-4350-88E5-25718FD8B4A9} = {827E0CD3-B72D-47B6-A68D-7590B98EB39B}
		{8347CAF5-8793-4BBD-AFA7-C63E6CC54811} = {0AB3BF05-4346-4AA6-1389-037BE0695223}
		{ADCE3E5F-4155-4955-B5AF-BD8B2298EAF0} = {827E0CD3-B72D-47B6-A68D-7590B98EB39B}
	EndGlobalSection
EndGlobal
